
Microsoft Visual Studio Solution File, Format Version 12.00
# Visual Studio 15
VisualStudioVersion = 15.0.26124.0
MinimumVisualStudioVersion = 15.0.26124.0
Project("{2150E333-8FDC-42A3-9474-1A3956D46DE8}") = "src", "src", "{D0D1FB8A-B226-45A7-89DD-C23A242A8C0A}"
EndProject
Project("{FAE04EC0-301F-11D3-BF4B-00C04F79EFBC}") = "AwsDotNetLambdaExample", "src\AwsDotNetLambdaExample\AwsDotNetLambdaExample.csproj", "{5A49C32C-804D-4E58-8D77-A5300EE335ED}"
EndProject
Project("{2150E333-8FDC-42A3-9474-1A3956D46DE8}") = "test", "test", "{42916B82-A09E-4902-88EB-E0043D20F505}"
EndProject
Project("{FAE04EC0-301F-11D3-BF4B-00C04F79EFBC}") = "AwsDotNetLambdaExample.Tests", "test\AwsDotNetLambdaExample.Tests\AwsDotNetLambdaExample.Tests.csproj", "{4235766A-EC05-4E46-8007-B8D1EE961CB1}"
EndProject
Global
	GlobalSection(SolutionConfigurationPlatforms) = preSolution
		Debug|Any CPU = Debug|Any CPU
		Debug|x64 = Debug|x64
		Debug|x86 = Debug|x86
		Release|Any CPU = Release|Any CPU
		Release|x64 = Release|x64
		Release|x86 = Release|x86
	EndGlobalSection
	GlobalSection(SolutionProperties) = preSolution
		HideSolutionNode = FALSE
	EndGlobalSection
	GlobalSection(ProjectConfigurationPlatforms) = postSolution
		{5A49C32C-804D-4E58-8D77-A5300EE335ED}.Debug|Any CPU.ActiveCfg = Debug|Any CPU
		{5A49C32C-804D-4E58-8D77-A5300EE335ED}.Debug|Any CPU.Build.0 = Debug|Any CPU
		{5A49C32C-804D-4E58-8D77-A5300EE335ED}.Debug|x64.ActiveCfg = Debug|Any CPU
		{5A49C32C-804D-4E58-8D77-A5300EE335ED}.Debug|x64.Build.0 = Debug|Any CPU
		{5A49C32C-804D-4E58-8D77-A5300EE335ED}.Debug|x86.ActiveCfg = Debug|Any CPU
		{5A49C32C-804D-4E58-8D77-A5300EE335ED}.Debug|x86.Build.0 = Debug|Any CPU
		{5A49C32C-804D-4E58-8D77-A5300EE335ED}.Release|Any CPU.ActiveCfg = Release|Any CPU
		{5A49C32C-804D-4E58-8D77-A5300EE335ED}.Release|Any CPU.Build.0 = Release|Any CPU
		{5A49C32C-804D-4E58-8D77-A5300EE335ED}.Release|x64.ActiveCfg = Release|Any CPU
		{5A49C32C-804D-4E58-8D77-A5300EE335ED}.Release|x64.Build.0 = Release|Any CPU
		{5A49C32C-804D-4E58-8D77-A5300EE335ED}.Release|x86.ActiveCfg = Release|Any CPU
		{5A49C32C-804D-4E58-8D77-A5300EE335ED}.Release|x86.Build.0 = Release|Any CPU
		{4235766A-EC05-4E46-8007-B8D1EE961CB1}.Debug|Any CPU.ActiveCfg = Debug|Any CPU
		{4235766A-EC05-4E46-8007-B8D1EE961CB1}.Debug|Any CPU.Build.0 = Debug|Any CPU
		{4235766A-EC05-4E46-8007-B8D1EE961CB1}.Debug|x64.ActiveCfg = Debug|Any CPU
		{4235766A-EC05-4E46-8007-B8D1EE961CB1}.Debug|x64.Build.0 = Debug|Any CPU
		{4235766A-EC05-4E46-8007-B8D1EE961CB1}.Debug|x86.ActiveCfg = Debug|Any CPU
		{4235766A-EC05-4E46-8007-B8D1EE961CB1}.Debug|x86.Build.0 = Debug|Any CPU
		{4235766A-EC05-4E46-8007-B8D1EE961CB1}.Release|Any CPU.ActiveCfg = Release|Any CPU
		{4235766A-EC05-4E46-8007-B8D1EE961CB1}.Release|Any CPU.Build.0 = Release|Any CPU
		{4235766A-EC05-4E46-8007-B8D1EE961CB1}.Release|x64.ActiveCfg = Release|Any CPU
		{4235766A-EC05-4E46-8007-B8D1EE961CB1}.Release|x64.Build.0 = Release|Any CPU
		{4235766A-EC05-4E46-8007-B8D1EE961CB1}.Release|x86.ActiveCfg = Release|Any CPU
		{4235766A-EC05-4E46-8007-B8D1EE961CB1}.Release|x86.Build.0 = Release|Any CPU
	EndGlobalSection
	GlobalSection(NestedProjects) = preSolution
		{5A49C32C-804D-4E58-8D77-A5300EE335ED} = {D0D1FB8A-B226-45A7-89DD-C23A242A8C0A}
		{4235766A-EC05-4E46-8007-B8D1EE961CB1} = {42916B82-A09E-4902-88EB-E0043D20F505}
	EndGlobalSection
EndGlobal
